
Microsoft Visual Studio Solution File, Format Version 12.00
# Visual Studio 14
VisualStudioVersion = 14.0.25420.1
MinimumVisualStudioVersion = 10.0.40219.1
Project("{FAE04EC0-301F-11D3-BF4B-00C04F79EFBC}") = "HelloMvb.ModelBinders", "HelloMvb.ModelBinders\HelloMvb.ModelBinders.csproj", "{F636AFB9-F85A-475C-A3DB-D265B55F61A0}"
EndProject
Project("{FAE04EC0-301F-11D3-BF4B-00C04F79EFBC}") = "HelloMvb.App.Wpf", "HelloMvb.App.Wpf\HelloMvb.App.Wpf.csproj", "{BCD1430F-D416-4F49-ABBD-91B1EDDB4377}"
EndProject
Project("{FAE04EC0-301F-11D3-BF4B-00C04F79EFBC}") = "HelloMvb.App.Console", "HelloMvb.App.Console\HelloMvb.App.Console.csproj", "{11FCAE81-D36C-4DD0-ACA3-1EE3A1C76C69}"
EndProject
Project("{FAE04EC0-301F-11D3-BF4B-00C04F79EFBC}") = "HelloMvb.App.WinForm", "HelloMvb.App.WinForm\HelloMvb.App.WinForm.csproj", "{C82FAE51-74E8-4D1D-B04A-BC95645204D9}"
EndProject
Project("{FAE04EC0-301F-11D3-BF4B-00C04F79EFBC}") = "HellpMvb.App.Droid", "HellpMvb.App.Droid\HellpMvb.App.Droid.csproj", "{05793EEF-263D-49EC-B615-3F738B73D63D}"
EndProject
Global
	GlobalSection(SolutionConfigurationPlatforms) = preSolution
		Debug|Any CPU = Debug|Any CPU
		Release|Any CPU = Release|Any CPU
	EndGlobalSection
	GlobalSection(ProjectConfigurationPlatforms) = postSolution
		{F636AFB9-F85A-475C-A3DB-D265B55F61A0}.Debug|Any CPU.ActiveCfg = Debug|Any CPU
		{F636AFB9-F85A-475C-A3DB-D265B55F61A0}.Debug|Any CPU.Build.0 = Debug|Any CPU
		{F636AFB9-F85A-475C-A3DB-D265B55F61A0}.Release|Any CPU.ActiveCfg = Release|Any CPU
		{F636AFB9-F85A-475C-A3DB-D265B55F61A0}.Release|Any CPU.Build.0 = Release|Any CPU
		{BCD1430F-D416-4F49-ABBD-91B1EDDB4377}.Debug|Any CPU.ActiveCfg = Debug|Any CPU
		{BCD1430F-D416-4F49-ABBD-91B1EDDB4377}.Debug|Any CPU.Build.0 = Debug|Any CPU
		{BCD1430F-D416-4F49-ABBD-91B1EDDB4377}.Release|Any CPU.ActiveCfg = Release|Any CPU
		{BCD1430F-D416-4F49-ABBD-91B1EDDB4377}.Release|Any CPU.Build.0 = Release|Any CPU
		{11FCAE81-D36C-4DD0-ACA3-1EE3A1C76C69}.Debug|Any CPU.ActiveCfg = Debug|Any CPU
		{11FCAE81-D36C-4DD0-ACA3-1EE3A1C76C69}.Debug|Any CPU.Build.0 = Debug|Any CPU
		{11FCAE81-D36C-4DD0-ACA3-1EE3A1C76C69}.Release|Any CPU.ActiveCfg = Release|Any CPU
		{11FCAE81-D36C-4DD0-ACA3-1EE3A1C76C69}.Release|Any CPU.Build.0 = Release|Any CPU
		{C82FAE51-74E8-4D1D-B04A-BC95645204D9}.Debug|Any CPU.ActiveCfg = Debug|Any CPU
		{C82FAE51-74E8-4D1D-B04A-BC95645204D9}.Debug|Any CPU.Build.0 = Debug|Any CPU
		{C82FAE51-74E8-4D1D-B04A-BC95645204D9}.Release|Any CPU.ActiveCfg = Release|Any CPU
		{C82FAE51-74E8-4D1D-B04A-BC95645204D9}.Release|Any CPU.Build.0 = Release|Any CPU
		{05793EEF-263D-49EC-B615-3F738B73D63D}.Debug|Any CPU.ActiveCfg = Debug|Any CPU
		{05793EEF-263D-49EC-B615-3F738B73D63D}.Debug|Any CPU.Build.0 = Debug|Any CPU
		{05793EEF-263D-49EC-B615-3F738B73D63D}.Debug|Any CPU.Deploy.0 = Debug|Any CPU
		{05793EEF-263D-49EC-B615-3F738B73D63D}.Release|Any CPU.ActiveCfg = Release|Any CPU
		{05793EEF-263D-49EC-B615-3F738B73D63D}.Release|Any CPU.Build.0 = Release|Any CPU
		{05793EEF-263D-49EC-B615-3F738B73D63D}.Release|Any CPU.Deploy.0 = Release|Any CPU
	EndGlobalSection
	GlobalSection(SolutionProperties) = preSolution
		HideSolutionNode = FALSE
	EndGlobalSection
EndGlobal
